
Microsoft Visual Studio Solution File, Format Version 12.00
# Visual Studio Version 17
VisualStudioVersion = 17.7.34031.279
MinimumVisualStudioVersion = 10.0.40219.1
Project("{FAE04EC0-301F-11D3-BF4B-00C04F79EFBC}") = "ProtoTypeCurvature_V3", "ProtoTypeCurvature_V3\ProtoTypeCurvature_V3.csproj", "{989E6DFE-9118-469C-B40F-96C966EF103B}"
EndProject
Global
	GlobalSection(SolutionConfigurationPlatforms) = preSolution
		Debug|Any CPU = Debug|Any CPU
		Debug|x64 = Debug|x64
		Debug|x86 = Debug|x86
		Release|Any CPU = Release|Any CPU
		Release|x64 = Release|x64
		Release|x86 = Release|x86
	EndGlobalSection
	GlobalSection(ProjectConfigurationPlatforms) = postSolution
		{989E6DFE-9118-469C-B40F-96C966EF103B}.Debug|Any CPU.ActiveCfg = Debug|x64
		{989E6DFE-9118-469C-B40F-96C966EF103B}.Debug|Any CPU.Build.0 = Debug|x64
		{989E6DFE-9118-469C-B40F-96C966EF103B}.Debug|x64.ActiveCfg = Debug|x64
		{989E6DFE-9118-469C-B40F-96C966EF103B}.Debug|x64.Build.0 = Debug|x64
		{989E6DFE-9118-469C-B40F-96C966EF103B}.Debug|x86.ActiveCfg = Debug|x86
		{989E6DFE-9118-469C-B40F-96C966EF103B}.Debug|x86.Build.0 = Debug|x86
		{989E6DFE-9118-469C-B40F-96C966EF103B}.Release|Any CPU.ActiveCfg = Release|Any CPU
		{989E6DFE-9118-469C-B40F-96C966EF103B}.Release|Any CPU.Build.0 = Release|Any CPU
		{989E6DFE-9118-469C-B40F-96C966EF103B}.Release|x64.ActiveCfg = Release|x64
		{989E6DFE-9118-469C-B40F-96C966EF103B}.Release|x64.Build.0 = Release|x64
		{989E6DFE-9118-469C-B40F-96C966EF103B}.Release|x86.ActiveCfg = Release|x86
		{989E6DFE-9118-469C-B40F-96C966EF103B}.Release|x86.Build.0 = Release|x86
	EndGlobalSection
	GlobalSection(SolutionProperties) = preSolution
		HideSolutionNode = FALSE
	EndGlobalSection
	GlobalSection(ExtensibilityGlobals) = postSolution
		SolutionGuid = {D72C3304-24C1-4252-B796-B150C3BCBEA3}
	EndGlobalSection
EndGlobal
